
Microsoft Visual Studio Solution File, Format Version 12.00
# Visual Studio Version 17
VisualStudioVersion = 17.12.35527.113
MinimumVisualStudioVersion = 10.0.40219.1
Project("{FAE04EC0-301F-11D3-BF4B-00C04F79EFBC}") = "CairaEdu", "CairaEdu\CairaEdu.csproj", "{34CEF5FD-9334-4D02-8461-9F83EE406959}"
EndProject
Global
	GlobalSection(SolutionConfigurationPlatforms) = preSolution
		Debug|Any CPU = Debug|Any CPU
		Release|Any CPU = Release|Any CPU
	EndGlobalSection
	GlobalSection(ProjectConfigurationPlatforms) = postSolution
		{34CEF5FD-9334-4D02-8461-9F83EE406959}.Debug|Any CPU.ActiveCfg = Debug|Any CPU
		{34CEF5FD-9334-4D02-8461-9F83EE406959}.Debug|Any CPU.Build.0 = Debug|Any CPU
		{34CEF5FD-9334-4D02-8461-9F83EE406959}.Release|Any CPU.ActiveCfg = Release|Any CPU
		{34CEF5FD-9334-4D02-8461-9F83EE406959}.Release|Any CPU.Build.0 = Release|Any CPU
	EndGlobalSection
	GlobalSection(SolutionProperties) = preSolution
		HideSolutionNode = FALSE
	EndGlobalSection
	GlobalSection(ExtensibilityGlobals) = postSolution
		SolutionGuid = {6DA3B72A-9D2C-4C29-A6CA-406BF87845BE}
	EndGlobalSection
EndGlobal
